
Microsoft Visual Studio Solution File, Format Version 12.00
# Visual Studio Version 16
VisualStudioVersion = 16.0.32002.261
MinimumVisualStudioVersion = 10.0.40219.1
Project("{FAE04EC0-301F-11D3-BF4B-00C04F79EFBC}") = "DataStructuresAndAlgorithms", "DataStructuresAndAlgorithms\DataStructuresAndAlgorithms.csproj", "{0F16FA71-FA59-4E93-8158-F6E3593AAAAB}"
EndProject
Global
	GlobalSection(SolutionConfigurationPlatforms) = preSolution
		Debug|Any CPU = Debug|Any CPU
		Release|Any CPU = Release|Any CPU
	EndGlobalSection
	GlobalSection(ProjectConfigurationPlatforms) = postSolution
		{0F16FA71-FA59-4E93-8158-F6E3593AAAAB}.Debug|Any CPU.ActiveCfg = Debug|Any CPU
		{0F16FA71-FA59-4E93-8158-F6E3593AAAAB}.Debug|Any CPU.Build.0 = Debug|Any CPU
		{0F16FA71-FA59-4E93-8158-F6E3593AAAAB}.Release|Any CPU.ActiveCfg = Release|Any CPU
		{0F16FA71-FA59-4E93-8158-F6E3593AAAAB}.Release|Any CPU.Build.0 = Release|Any CPU
	EndGlobalSection
	GlobalSection(SolutionProperties) = preSolution
		HideSolutionNode = FALSE
	EndGlobalSection
	GlobalSection(ExtensibilityGlobals) = postSolution
		SolutionGuid = {6E9D3EE9-DD0A-4C77-A8D9-AC6C173F11B0}
	EndGlobalSection
EndGlobal
